
Microsoft Visual Studio Solution File, Format Version 12.00
# Visual Studio Version 17
VisualStudioVersion = 17.11.35303.130
MinimumVisualStudioVersion = 10.0.40219.1
Project("{FAE04EC0-301F-11D3-BF4B-00C04F79EFBC}") = "Desafio1", "Desafio1.csproj", "{FF5AFFFB-2128-42A2-96EE-0573B1066568}"
EndProject
Global
	GlobalSection(SolutionConfigurationPlatforms) = preSolution
		Debug|Any CPU = Debug|Any CPU
		Release|Any CPU = Release|Any CPU
	EndGlobalSection
	GlobalSection(ProjectConfigurationPlatforms) = postSolution
		{FF5AFFFB-2128-42A2-96EE-0573B1066568}.Debug|Any CPU.ActiveCfg = Debug|Any CPU
		{FF5AFFFB-2128-42A2-96EE-0573B1066568}.Debug|Any CPU.Build.0 = Debug|Any CPU
		{FF5AFFFB-2128-42A2-96EE-0573B1066568}.Release|Any CPU.ActiveCfg = Release|Any CPU
		{FF5AFFFB-2128-42A2-96EE-0573B1066568}.Release|Any CPU.Build.0 = Release|Any CPU
	EndGlobalSection
	GlobalSection(SolutionProperties) = preSolution
		HideSolutionNode = FALSE
	EndGlobalSection
	GlobalSection(ExtensibilityGlobals) = postSolution
		SolutionGuid = {A7C3D794-8746-4517-870C-2832E57EE78C}
	EndGlobalSection
EndGlobal
