
Microsoft Visual Studio Solution File, Format Version 12.00
# Visual Studio Version 17
VisualStudioVersion = 17.11.35303.130
MinimumVisualStudioVersion = 10.0.40219.1
Project("{FAE04EC0-301F-11D3-BF4B-00C04F79EFBC}") = "pooexfibonacci", "pooexfibonacci.csproj", "{343D533D-444A-445A-9099-1609472ACF76}"
EndProject
Global
	GlobalSection(SolutionConfigurationPlatforms) = preSolution
		Debug|Any CPU = Debug|Any CPU
		Release|Any CPU = Release|Any CPU
	EndGlobalSection
	GlobalSection(ProjectConfigurationPlatforms) = postSolution
		{343D533D-444A-445A-9099-1609472ACF76}.Debug|Any CPU.ActiveCfg = Debug|Any CPU
		{343D533D-444A-445A-9099-1609472ACF76}.Debug|Any CPU.Build.0 = Debug|Any CPU
		{343D533D-444A-445A-9099-1609472ACF76}.Release|Any CPU.ActiveCfg = Release|Any CPU
		{343D533D-444A-445A-9099-1609472ACF76}.Release|Any CPU.Build.0 = Release|Any CPU
	EndGlobalSection
	GlobalSection(SolutionProperties) = preSolution
		HideSolutionNode = FALSE
	EndGlobalSection
	GlobalSection(ExtensibilityGlobals) = postSolution
		SolutionGuid = {61E3913E-35E6-4644-9C1C-11A3DA388682}
	EndGlobalSection
EndGlobal
